// !$*UTF8*$!
{
	archiveVersion = 1;
	classes = {
	};
	objectVersion = 50;
	objects = {

/* Begin PBXBuildFile section */
		D951856126141ED300B63C53 /* XHECPointFp.h in Headers */ = {isa = PBXBuildFile; fileRef = D951855F26141ED300B63C53 /* XHECPointFp.h */; };
		D951856226141ED300B63C53 /* XHECPointFp.m in Sources */ = {isa = PBXBuildFile; fileRef = D951856026141ED300B63C53 /* XHECPointFp.m */; };
		D951856526141EF500B63C53 /* XHECFieldElementFp.h in Headers */ = {isa = PBXBuildFile; fileRef = D951856326141EF500B63C53 /* XHECFieldElementFp.h */; };
		D951856626141EF500B63C53 /* XHECFieldElementFp.m in Sources */ = {isa = PBXBuildFile; fileRef = D951856426141EF500B63C53 /* XHECFieldElementFp.m */; };
		D951856A26141F4B00B63C53 /* XHBigInt.h in Headers */ = {isa = PBXBuildFile; fileRef = D951856826141F4B00B63C53 /* XHBigInt.h */; };
		D951856B26141F4B00B63C53 /* XHBigInt.mm in Sources */ = {isa = PBXBuildFile; fileRef = D951856926141F4B00B63C53 /* XHBigInt.mm */; };
		D951856E26141FAD00B63C53 /* XHCalculator.h in Headers */ = {isa = PBXBuildFile; fileRef = D951856C26141FAD00B63C53 /* XHCalculator.h */; };
		D951856F26141FAD00B63C53 /* XHCalculator.m in Sources */ = {isa = PBXBuildFile; fileRef = D951856D26141FAD00B63C53 /* XHCalculator.m */; };
		D95185702614223200B63C53 /* XHSM2Cipher+Private.h in Headers */ = {isa = PBXBuildFile; fileRef = D9B2CEBA26141E0A005D95FA /* XHSM2Cipher+Private.h */; };
		D95185732614224B00B63C53 /* libc++.tbd in Frameworks */ = {isa = PBXBuildFile; fileRef = D95185722614224B00B63C53 /* libc++.tbd */; };
		D9B2CEAF2614182D005D95FA /* XHSMxHelper.h in Headers */ = {isa = PBXBuildFile; fileRef = D9B2CEAD2614182D005D95FA /* XHSMxHelper.h */; settings = {ATTRIBUTES = (Public, ); }; };
		D9B2CEB02614182D005D95FA /* XHSMxHelper.m in Sources */ = {isa = PBXBuildFile; fileRef = D9B2CEAE2614182D005D95FA /* XHSMxHelper.m */; };
		D9B2CEB326141D8C005D95FA /* XHSMxUtils.h in Headers */ = {isa = PBXBuildFile; fileRef = D9B2CEB126141D8B005D95FA /* XHSMxUtils.h */; settings = {ATTRIBUTES = (Public, ); }; };
		D9B2CEB426141D8C005D95FA /* XHSMxUtils.m in Sources */ = {isa = PBXBuildFile; fileRef = D9B2CEB226141D8C005D95FA /* XHSMxUtils.m */; };
		D9B2CEB826141DC6005D95FA /* XHSM2Cipher.h in Headers */ = {isa = PBXBuildFile; fileRef = D9B2CEB626141DC6005D95FA /* XHSM2Cipher.h */; settings = {ATTRIBUTES = (Public, ); }; };
		D9B2CEB926141DC6005D95FA /* XHSM2Cipher.m in Sources */ = {isa = PBXBuildFile; fileRef = D9B2CEB726141DC6005D95FA /* XHSM2Cipher.m */; };
		D9B2CEBF26141E4D005D95FA /* XHSM3Digest.h in Headers */ = {isa = PBXBuildFile; fileRef = D9B2CEBD26141E4D005D95FA /* XHSM3Digest.h */; };
		D9B2CEC026141E4D005D95FA /* XHSM3Digest.mm in Sources */ = {isa = PBXBuildFile; fileRef = D9B2CEBE26141E4D005D95FA /* XHSM3Digest.mm */; };
		D9B2CEC326141E9E005D95FA /* XHECCurveFp.h in Headers */ = {isa = PBXBuildFile; fileRef = D9B2CEC126141E9E005D95FA /* XHECCurveFp.h */; };
		D9B2CEC426141E9E005D95FA /* XHECCurveFp.m in Sources */ = {isa = PBXBuildFile; fileRef = D9B2CEC226141E9E005D95FA /* XHECCurveFp.m */; };
		D9E60ED8261414FD00084D98 /* XHSM2Kit.framework in Frameworks */ = {isa = PBXBuildFile; fileRef = D9E60ECE261414FD00084D98 /* XHSM2Kit.framework */; };
		D9E60EDD261414FD00084D98 /* XHSM2KitTests.m in Sources */ = {isa = PBXBuildFile; fileRef = D9E60EDC261414FD00084D98 /* XHSM2KitTests.m */; };
		D9E60EDF261414FD00084D98 /* XHSM2Kit.h in Headers */ = {isa = PBXBuildFile; fileRef = D9E60ED1261414FD00084D98 /* XHSM2Kit.h */; settings = {ATTRIBUTES = (Public, ); }; };
/* End PBXBuildFile section */

/* Begin PBXContainerItemProxy section */
		D9E60ED9261414FD00084D98 /* PBXContainerItemProxy */ = {
			isa = PBXContainerItemProxy;
			containerPortal = D9E60EC5261414FD00084D98 /* Project object */;
			proxyType = 1;
			remoteGlobalIDString = D9E60ECD261414FD00084D98;
			remoteInfo = XHSM2Kit;
		};
/* End PBXContainerItemProxy section */

/* Begin PBXFileReference section */
		D951855F26141ED300B63C53 /* XHECPointFp.h */ = {isa = PBXFileReference; lastKnownFileType = sourcecode.c.h; path = XHECPointFp.h; sourceTree = "<group>"; };
		D951856026141ED300B63C53 /* XHECPointFp.m */ = {isa = PBXFileReference; lastKnownFileType = sourcecode.c.objc; path = XHECPointFp.m; sourceTree = "<group>"; };
		D951856326141EF500B63C53 /* XHECFieldElementFp.h */ = {isa = PBXFileReference; lastKnownFileType = sourcecode.c.h; path = XHECFieldElementFp.h; sourceTree = "<group>"; };
		D951856426141EF500B63C53 /* XHECFieldElementFp.m */ = {isa = PBXFileReference; lastKnownFileType = sourcecode.c.objc; path = XHECFieldElementFp.m; sourceTree = "<group>"; };
		D951856826141F4B00B63C53 /* XHBigInt.h */ = {isa = PBXFileReference; lastKnownFileType = sourcecode.c.h; path = XHBigInt.h; sourceTree = "<group>"; };
		D951856926141F4B00B63C53 /* XHBigInt.mm */ = {isa = PBXFileReference; lastKnownFileType = sourcecode.cpp.objcpp; path = XHBigInt.mm; sourceTree = "<group>"; };
		D951856C26141FAD00B63C53 /* XHCalculator.h */ = {isa = PBXFileReference; lastKnownFileType = sourcecode.c.h; path = XHCalculator.h; sourceTree = "<group>"; };
		D951856D26141FAD00B63C53 /* XHCalculator.m */ = {isa = PBXFileReference; lastKnownFileType = sourcecode.c.objc; path = XHCalculator.m; sourceTree = "<group>"; };
		D95185722614224B00B63C53 /* libc++.tbd */ = {isa = PBXFileReference; lastKnownFileType = "sourcecode.text-based-dylib-definition"; name = "libc++.tbd"; path = "Platforms/MacOSX.platform/Developer/SDKs/MacOSX10.15.sdk/usr/lib/libc++.tbd"; sourceTree = DEVELOPER_DIR; };
		D9B2CEAD2614182D005D95FA /* XHSMxHelper.h */ = {isa = PBXFileReference; lastKnownFileType = sourcecode.c.h; path = XHSMxHelper.h; sourceTree = "<group>"; };
		D9B2CEAE2614182D005D95FA /* XHSMxHelper.m */ = {isa = PBXFileReference; lastKnownFileType = sourcecode.c.objc; path = XHSMxHelper.m; sourceTree = "<group>"; };
		D9B2CEB126141D8B005D95FA /* XHSMxUtils.h */ = {isa = PBXFileReference; lastKnownFileType = sourcecode.c.h; path = XHSMxUtils.h; sourceTree = "<group>"; };
		D9B2CEB226141D8C005D95FA /* XHSMxUtils.m */ = {isa = PBXFileReference; lastKnownFileType = sourcecode.c.objc; path = XHSMxUtils.m; sourceTree = "<group>"; };
		D9B2CEB626141DC6005D95FA /* XHSM2Cipher.h */ = {isa = PBXFileReference; lastKnownFileType = sourcecode.c.h; path = XHSM2Cipher.h; sourceTree = "<group>"; };
		D9B2CEB726141DC6005D95FA /* XHSM2Cipher.m */ = {isa = PBXFileReference; lastKnownFileType = sourcecode.c.objc; path = XHSM2Cipher.m; sourceTree = "<group>"; };
		D9B2CEBA26141E0A005D95FA /* XHSM2Cipher+Private.h */ = {isa = PBXFileReference; lastKnownFileType = sourcecode.c.h; path = "XHSM2Cipher+Private.h"; sourceTree = "<group>"; };
		D9B2CEBD26141E4D005D95FA /* XHSM3Digest.h */ = {isa = PBXFileReference; lastKnownFileType = sourcecode.c.h; path = XHSM3Digest.h; sourceTree = "<group>"; };
		D9B2CEBE26141E4D005D95FA /* XHSM3Digest.mm */ = {isa = PBXFileReference; lastKnownFileType = sourcecode.cpp.objcpp; path = XHSM3Digest.mm; sourceTree = "<group>"; };
		D9B2CEC126141E9E005D95FA /* XHECCurveFp.h */ = {isa = PBXFileReference; lastKnownFileType = sourcecode.c.h; path = XHECCurveFp.h; sourceTree = "<group>"; };
		D9B2CEC226141E9E005D95FA /* XHECCurveFp.m */ = {isa = PBXFileReference; lastKnownFileType = sourcecode.c.objc; path = XHECCurveFp.m; sourceTree = "<group>"; };
		D9E60ECE261414FD00084D98 /* XHSM2Kit.framework */ = {isa = PBXFileReference; explicitFileType = wrapper.framework; includeInIndex = 0; path = XHSM2Kit.framework; sourceTree = BUILT_PRODUCTS_DIR; };
		D9E60ED1261414FD00084D98 /* XHSM2Kit.h */ = {isa = PBXFileReference; lastKnownFileType = sourcecode.c.h; path = XHSM2Kit.h; sourceTree = "<group>"; };
		D9E60ED2261414FD00084D98 /* Info.plist */ = {isa = PBXFileReference; lastKnownFileType = text.plist.xml; path = Info.plist; sourceTree = "<group>"; };
		D9E60ED7261414FD00084D98 /* XHSM2KitTests.xctest */ = {isa = PBXFileReference; explicitFileType = wrapper.cfbundle; includeInIndex = 0; path = XHSM2KitTests.xctest; sourceTree = BUILT_PRODUCTS_DIR; };
		D9E60EDC261414FD00084D98 /* XHSM2KitTests.m */ = {isa = PBXFileReference; lastKnownFileType = sourcecode.c.objc; path = XHSM2KitTests.m; sourceTree = "<group>"; };
		D9E60EDE261414FD00084D98 /* Info.plist */ = {isa = PBXFileReference; lastKnownFileType = text.plist.xml; path = Info.plist; sourceTree = "<group>"; };
/* End PBXFileReference section */

/* Begin PBXFrameworksBuildPhase section */
		D9E60ECB261414FD00084D98 /* Frameworks */ = {
			isa = PBXFrameworksBuildPhase;
			buildActionMask = 2147483647;
			files = (
				D95185732614224B00B63C53 /* libc++.tbd in Frameworks */,
			);
			runOnlyForDeploymentPostprocessing = 0;
		};
		D9E60ED4261414FD00084D98 /* Frameworks */ = {
			isa = PBXFrameworksBuildPhase;
			buildActionMask = 2147483647;
			files = (
				D9E60ED8261414FD00084D98 /* XHSM2Kit.framework in Frameworks */,
			);
			runOnlyForDeploymentPostprocessing = 0;
		};
/* End PBXFrameworksBuildPhase section */

/* Begin PBXGroup section */
		D951856726141F1700B63C53 /* BigInt */ = {
			isa = PBXGroup;
			children = (
				D951856826141F4B00B63C53 /* XHBigInt.h */,
				D951856926141F4B00B63C53 /* XHBigInt.mm */,
				D951856C26141FAD00B63C53 /* XHCalculator.h */,
				D951856D26141FAD00B63C53 /* XHCalculator.m */,
			);
			path = BigInt;
			sourceTree = "<group>";
		};
		D95185712614224B00B63C53 /* Frameworks */ = {
			isa = PBXGroup;
			children = (
				D95185722614224B00B63C53 /* libc++.tbd */,
			);
			name = Frameworks;
			sourceTree = "<group>";
		};
		D9B2CEB526141DB0005D95FA /* SM2 */ = {
			isa = PBXGroup;
			children = (
				D9B2CEB626141DC6005D95FA /* XHSM2Cipher.h */,
				D9B2CEB726141DC6005D95FA /* XHSM2Cipher.m */,
				D9B2CEBA26141E0A005D95FA /* XHSM2Cipher+Private.h */,
			);
			path = SM2;
			sourceTree = "<group>";
		};
		D9B2CEBB26141E1C005D95FA /* SM3 */ = {
			isa = PBXGroup;
			children = (
				D9B2CEBD26141E4D005D95FA /* XHSM3Digest.h */,
				D9B2CEBE26141E4D005D95FA /* XHSM3Digest.mm */,
			);
			path = SM3;
			sourceTree = "<group>";
		};
		D9B2CEBC26141E2B005D95FA /* EC_Fp */ = {
			isa = PBXGroup;
			children = (
				D9B2CEC126141E9E005D95FA /* XHECCurveFp.h */,
				D9B2CEC226141E9E005D95FA /* XHECCurveFp.m */,
				D951855F26141ED300B63C53 /* XHECPointFp.h */,
				D951856026141ED300B63C53 /* XHECPointFp.m */,
				D951856326141EF500B63C53 /* XHECFieldElementFp.h */,
				D951856426141EF500B63C53 /* XHECFieldElementFp.m */,
			);
			path = EC_Fp;
			sourceTree = "<group>";
		};
		D9E60EC4261414FD00084D98 = {
			isa = PBXGroup;
			children = (
				D9E60ED0261414FD00084D98 /* XHSM2Kit */,
				D9E60EDB261414FD00084D98 /* XHSM2KitTests */,
				D9E60ECF261414FD00084D98 /* Products */,
				D95185712614224B00B63C53 /* Frameworks */,
			);
			sourceTree = "<group>";
		};
		D9E60ECF261414FD00084D98 /* Products */ = {
			isa = PBXGroup;
			children = (
				D9E60ECE261414FD00084D98 /* XHSM2Kit.framework */,
				D9E60ED7261414FD00084D98 /* XHSM2KitTests.xctest */,
			);
			name = Products;
			sourceTree = "<group>";
		};
		D9E60ED0261414FD00084D98 /* XHSM2Kit */ = {
			isa = PBXGroup;
			children = (
				D9E60ED2261414FD00084D98 /* Info.plist */,
				D9E60ED1261414FD00084D98 /* XHSM2Kit.h */,
				D9B2CEAD2614182D005D95FA /* XHSMxHelper.h */,
				D9B2CEAE2614182D005D95FA /* XHSMxHelper.m */,
				D9B2CEB126141D8B005D95FA /* XHSMxUtils.h */,
				D9B2CEB226141D8C005D95FA /* XHSMxUtils.m */,
				D9B2CEB526141DB0005D95FA /* SM2 */,
				D9B2CEBB26141E1C005D95FA /* SM3 */,
				D9B2CEBC26141E2B005D95FA /* EC_Fp */,
				D951856726141F1700B63C53 /* BigInt */,
			);
			path = XHSM2Kit;
			sourceTree = "<group>";
		};
		D9E60EDB261414FD00084D98 /* XHSM2KitTests */ = {
			isa = PBXGroup;
			children = (
				D9E60EDC261414FD00084D98 /* XHSM2KitTests.m */,
				D9E60EDE261414FD00084D98 /* Info.plist */,
			);
			path = XHSM2KitTests;
			sourceTree = "<group>";
		};
/* End PBXGroup section */

/* Begin PBXHeadersBuildPhase section */
		D9E60EC9261414FD00084D98 /* Headers */ = {
			isa = PBXHeadersBuildPhase;
			buildActionMask = 2147483647;
			files = (
				D9B2CEB826141DC6005D95FA /* XHSM2Cipher.h in Headers */,
				D9B2CEC326141E9E005D95FA /* XHECCurveFp.h in Headers */,
				D9B2CEB326141D8C005D95FA /* XHSMxUtils.h in Headers */,
				D9B2CEAF2614182D005D95FA /* XHSMxHelper.h in Headers */,
				D951856A26141F4B00B63C53 /* XHBigInt.h in Headers */,
				D9B2CEBF26141E4D005D95FA /* XHSM3Digest.h in Headers */,
				D9E60EDF261414FD00084D98 /* XHSM2Kit.h in Headers */,
				D951856126141ED300B63C53 /* XHECPointFp.h in Headers */,
				D951856E26141FAD00B63C53 /* XHCalculator.h in Headers */,
				D95185702614223200B63C53 /* XHSM2Cipher+Private.h in Headers */,
				D951856526141EF500B63C53 /* XHECFieldElementFp.h in Headers */,
			);
			runOnlyForDeploymentPostprocessing = 0;
		};
/* End PBXHeadersBuildPhase section */

/* Begin PBXNativeTarget section */
		D9E60ECD261414FD00084D98 /* XHSM2Kit */ = {
			isa = PBXNativeTarget;
			buildConfigurationList = D9E60EE2261414FD00084D98 /* Build configuration list for PBXNativeTarget "XHSM2Kit" */;
			buildPhases = (
				D9E60EC9261414FD00084D98 /* Headers */,
				D9E60ECA261414FD00084D98 /* Sources */,
				D9E60ECB261414FD00084D98 /* Frameworks */,
				D9E60ECC261414FD00084D98 /* Resources */,
			);
			buildRules = (
			);
			dependencies = (
			);
			name = XHSM2Kit;
			productName = XHSM2Kit;
			productReference = D9E60ECE261414FD00084D98 /* XHSM2Kit.framework */;
			productType = "com.apple.product-type.framework";
		};
		D9E60ED6261414FD00084D98 /* XHSM2KitTests */ = {
			isa = PBXNativeTarget;
			buildConfigurationList = D9E60EE5261414FD00084D98 /* Build configuration list for PBXNativeTarget "XHSM2KitTests" */;
			buildPhases = (
				D9E60ED3261414FD00084D98 /* Sources */,
				D9E60ED4261414FD00084D98 /* Frameworks */,
				D9E60ED5261414FD00084D98 /* Resources */,
			);
			buildRules = (
			);
			dependencies = (
				D9E60EDA261414FD00084D98 /* PBXTargetDependency */,
			);
			name = XHSM2KitTests;
			productName = XHSM2KitTests;
			productReference = D9E60ED7261414FD00084D98 /* XHSM2KitTests.xctest */;
			productType = "com.apple.product-type.bundle.unit-test";
		};
/* End PBXNativeTarget section */

/* Begin PBXProject section */
		D9E60EC5261414FD00084D98 /* Project object */ = {
			isa = PBXProject;
			attributes = {
				LastUpgradeCheck = 1150;
				ORGANIZATIONNAME = "朱鑫华";
				TargetAttributes = {
					D9E60ECD261414FD00084D98 = {
						CreatedOnToolsVersion = 11.5;
					};
					D9E60ED6261414FD00084D98 = {
						CreatedOnToolsVersion = 11.5;
					};
				};
			};
			buildConfigurationList = D9E60EC8261414FD00084D98 /* Build configuration list for PBXProject "XHSM2Kit" */;
			compatibilityVersion = "Xcode 9.3";
			developmentRegion = en;
			hasScannedForEncodings = 0;
			knownRegions = (
				en,
				Base,
			);
			mainGroup = D9E60EC4261414FD00084D98;
			productRefGroup = D9E60ECF261414FD00084D98 /* Products */;
			projectDirPath = "";
			projectRoot = "";
			targets = (
				D9E60ECD261414FD00084D98 /* XHSM2Kit */,
				D9E60ED6261414FD00084D98 /* XHSM2KitTests */,
			);
		};
/* End PBXProject section */

/* Begin PBXResourcesBuildPhase section */
		D9E60ECC261414FD00084D98 /* Resources */ = {
			isa = PBXResourcesBuildPhase;
			buildActionMask = 2147483647;
			files = (
			);
			runOnlyForDeploymentPostprocessing = 0;
		};
		D9E60ED5261414FD00084D98 /* Resources */ = {
			isa = PBXResourcesBuildPhase;
			buildActionMask = 2147483647;
			files = (
			);
			runOnlyForDeploymentPostprocessing = 0;
		};
/* End PBXResourcesBuildPhase section */

/* Begin PBXSourcesBuildPhase section */
		D9E60ECA261414FD00084D98 /* Sources */ = {
			isa = PBXSourcesBuildPhase;
			buildActionMask = 2147483647;
			files = (
				D951856F26141FAD00B63C53 /* XHCalculator.m in Sources */,
				D9B2CEC426141E9E005D95FA /* XHECCurveFp.m in Sources */,
				D951856626141EF500B63C53 /* XHECFieldElementFp.m in Sources */,
				D951856B26141F4B00B63C53 /* XHBigInt.mm in Sources */,
				D9B2CEB426141D8C005D95FA /* XHSMxUtils.m in Sources */,
				D9B2CEB926141DC6005D95FA /* XHSM2Cipher.m in Sources */,
				D9B2CEB02614182D005D95FA /* XHSMxHelper.m in Sources */,
				D951856226141ED300B63C53 /* XHECPointFp.m in Sources */,
				D9B2CEC026141E4D005D95FA /* XHSM3Digest.mm in Sources */,
			);
			runOnlyForDeploymentPostprocessing = 0;
		};
		D9E60ED3261414FD00084D98 /* Sources */ = {
			isa = PBXSourcesBuildPhase;
			buildActionMask = 2147483647;
			files = (
				D9E60EDD261414FD00084D98 /* XHSM2KitTests.m in Sources */,
			);
			runOnlyForDeploymentPostprocessing = 0;
		};
/* End PBXSourcesBuildPhase section */

/* Begin PBXTargetDependency section */
		D9E60EDA261414FD00084D98 /* PBXTargetDependency */ = {
			isa = PBXTargetDependency;
			target = D9E60ECD261414FD00084D98 /* XHSM2Kit */;
			targetProxy = D9E60ED9261414FD00084D98 /* PBXContainerItemProxy */;
		};
/* End PBXTargetDependency section */

/* Begin XCBuildConfiguration section */
		D9E60EE0261414FD00084D98 /* Debug */ = {
			isa = XCBuildConfiguration;
			buildSettings = {
				ALWAYS_SEARCH_USER_PATHS = NO;
				CLANG_ANALYZER_NONNULL = YES;
				CLANG_ANALYZER_NUMBER_OBJECT_CONVERSION = YES_AGGRESSIVE;
				CLANG_CXX_LANGUAGE_STANDARD = "gnu++14";
				CLANG_CXX_LIBRARY = "libc++";
				CLANG_ENABLE_MODULES = YES;
				CLANG_ENABLE_OBJC_ARC = YES;
				CLANG_ENABLE_OBJC_WEAK = YES;
				CLANG_WARN_BLOCK_CAPTURE_AUTORELEASING = YES;
				CLANG_WARN_BOOL_CONVERSION = YES;
				CLANG_WARN_COMMA = YES;
				CLANG_WARN_CONSTANT_CONVERSION = YES;
				CLANG_WARN_DEPRECATED_OBJC_IMPLEMENTATIONS = YES;
				CLANG_WARN_DIRECT_OBJC_ISA_USAGE = YES_ERROR;
				CLANG_WARN_DOCUMENTATION_COMMENTS = YES;
				CLANG_WARN_EMPTY_BODY = YES;
				CLANG_WARN_ENUM_CONVERSION = YES;
				CLANG_WARN_INFINITE_RECURSION = YES;
				CLANG_WARN_INT_CONVERSION = YES;
				CLANG_WARN_NON_LITERAL_NULL_CONVERSION = YES;
				CLANG_WARN_OBJC_IMPLICIT_RETAIN_SELF = YES;
				CLANG_WARN_OBJC_LITERAL_CONVERSION = YES;
				CLANG_WARN_OBJC_ROOT_CLASS = YES_ERROR;
				CLANG_WARN_RANGE_LOOP_ANALYSIS = YES;
				CLANG_WARN_STRICT_PROTOTYPES = YES;
				CLANG_WARN_SUSPICIOUS_MOVE = YES;
				CLANG_WARN_UNGUARDED_AVAILABILITY = YES_AGGRESSIVE;
				CLANG_WARN_UNREACHABLE_CODE = YES;
				CLANG_WARN__DUPLICATE_METHOD_MATCH = YES;
				COPY_PHASE_STRIP = NO;
				CURRENT_PROJECT_VERSION = 1;
				DEBUG_INFORMATION_FORMAT = dwarf;
				ENABLE_STRICT_OBJC_MSGSEND = YES;
				ENABLE_TESTABILITY = YES;
				GCC_C_LANGUAGE_STANDARD = gnu11;
				GCC_DYNAMIC_NO_PIC = NO;
				GCC_NO_COMMON_BLOCKS = YES;
				GCC_OPTIMIZATION_LEVEL = 0;
				GCC_PREPROCESSOR_DEFINITIONS = (
					"DEBUG=1",
					"$(inherited)",
				);
				GCC_WARN_64_TO_32_BIT_CONVERSION = YES;
				GCC_WARN_ABOUT_RETURN_TYPE = YES_ERROR;
				GCC_WARN_UNDECLARED_SELECTOR = YES;
				GCC_WARN_UNINITIALIZED_AUTOS = YES_AGGRESSIVE;
				GCC_WARN_UNUSED_FUNCTION = YES;
				GCC_WARN_UNUSED_VARIABLE = YES;
				IPHONEOS_DEPLOYMENT_TARGET = 8.0;
				MTL_ENABLE_DEBUG_INFO = INCLUDE_SOURCE;
				MTL_FAST_MATH = YES;
				ONLY_ACTIVE_ARCH = YES;
				SDKROOT = iphoneos;
				VERSIONING_SYSTEM = "apple-generic";
				VERSION_INFO_PREFIX = "";
			};
			name = Debug;
		};
		D9E60EE1261414FD00084D98 /* Release */ = {
			isa = XCBuildConfiguration;
			buildSettings = {
				ALWAYS_SEARCH_USER_PATHS = NO;
				CLANG_ANALYZER_NONNULL = YES;
				CLANG_ANALYZER_NUMBER_OBJECT_CONVERSION = YES_AGGRESSIVE;
				CLANG_CXX_LANGUAGE_STANDARD = "gnu++14";
				CLANG_CXX_LIBRARY = "libc++";
				CLANG_ENABLE_MODULES = YES;
				CLANG_ENABLE_OBJC_ARC = YES;
				CLANG_ENABLE_OBJC_WEAK = YES;
				CLANG_WARN_BLOCK_CAPTURE_AUTORELEASING = YES;
				CLANG_WARN_BOOL_CONVERSION = YES;
				CLANG_WARN_COMMA = YES;
				CLANG_WARN_CONSTANT_CONVERSION = YES;
				CLANG_WARN_DEPRECATED_OBJC_IMPLEMENTATIONS = YES;
				CLANG_WARN_DIRECT_OBJC_ISA_USAGE = YES_ERROR;
				CLANG_WARN_DOCUMENTATION_COMMENTS = YES;
				CLANG_WARN_EMPTY_BODY = YES;
				CLANG_WARN_ENUM_CONVERSION = YES;
				CLANG_WARN_INFINITE_RECURSION = YES;
				CLANG_WARN_INT_CONVERSION = YES;
				CLANG_WARN_NON_LITERAL_NULL_CONVERSION = YES;
				CLANG_WARN_OBJC_IMPLICIT_RETAIN_SELF = YES;
				CLANG_WARN_OBJC_LITERAL_CONVERSION = YES;
				CLANG_WARN_OBJC_ROOT_CLASS = YES_ERROR;
				CLANG_WARN_RANGE_LOOP_ANALYSIS = YES;
				CLANG_WARN_STRICT_PROTOTYPES = YES;
				CLANG_WARN_SUSPICIOUS_MOVE = YES;
				CLANG_WARN_UNGUARDED_AVAILABILITY = YES_AGGRESSIVE;
				CLANG_WARN_UNREACHABLE_CODE = YES;
				CLANG_WARN__DUPLICATE_METHOD_MATCH = YES;
				COPY_PHASE_STRIP = NO;
				CURRENT_PROJECT_VERSION = 1;
				DEBUG_INFORMATION_FORMAT = "dwarf-with-dsym";
				ENABLE_NS_ASSERTIONS = NO;
				ENABLE_STRICT_OBJC_MSGSEND = YES;
				GCC_C_LANGUAGE_STANDARD = gnu11;
				GCC_NO_COMMON_BLOCKS = YES;
				GCC_WARN_64_TO_32_BIT_CONVERSION = YES;
				GCC_WARN_ABOUT_RETURN_TYPE = YES_ERROR;
				GCC_WARN_UNDECLARED_SELECTOR = YES;
				GCC_WARN_UNINITIALIZED_AUTOS = YES_AGGRESSIVE;
				GCC_WARN_UNUSED_FUNCTION = YES;
				GCC_WARN_UNUSED_VARIABLE = YES;
				IPHONEOS_DEPLOYMENT_TARGET = 8.0;
				MTL_ENABLE_DEBUG_INFO = NO;
				MTL_FAST_MATH = YES;
				SDKROOT = iphoneos;
				VALIDATE_PRODUCT = YES;
				VERSIONING_SYSTEM = "apple-generic";
				VERSION_INFO_PREFIX = "";
			};
			name = Release;
		};
		D9E60EE3261414FD00084D98 /* Debug */ = {
			isa = XCBuildConfiguration;
			buildSettings = {
				ARCHS = (
					"$(ARCHS_STANDARD)",
					armv7s,
				);
				CODE_SIGN_STYLE = Automatic;
				DEAD_CODE_STRIPPING = NO;
				DEFINES_MODULE = YES;
				DYLIB_COMPATIBILITY_VERSION = "";
				DYLIB_INSTALL_NAME_BASE = "@rpath";
				INFOPLIST_FILE = XHSM2Kit/Info.plist;
				INSTALL_PATH = "$(LOCAL_LIBRARY_DIR)/Frameworks";
				LD_RUNPATH_SEARCH_PATHS = "";
				LINK_WITH_STANDARD_LIBRARIES = YES;
				MACH_O_TYPE = mh_object;
				ONLY_ACTIVE_ARCH = NO;
				PRODUCT_BUNDLE_IDENTIFIER = com.zxh.XHSM2Kit;
				PRODUCT_NAME = "$(TARGET_NAME:c99extidentifier)";
				SKIP_INSTALL = YES;
				TARGETED_DEVICE_FAMILY = "1,2";
			};
			name = Debug;
		};
		D9E60EE4261414FD00084D98 /* Release */ = {
			isa = XCBuildConfiguration;
			buildSettings = {
				ARCHS = (
					"$(ARCHS_STANDARD)",
					armv7s,
				);
				CODE_SIGN_STYLE = Automatic;
				DEAD_CODE_STRIPPING = NO;
				DEFINES_MODULE = YES;
				DYLIB_COMPATIBILITY_VERSION = "";
				DYLIB_INSTALL_NAME_BASE = "@rpath";
				INFOPLIST_FILE = XHSM2Kit/Info.plist;
				INSTALL_PATH = "$(LOCAL_LIBRARY_DIR)/Frameworks";
				LD_RUNPATH_SEARCH_PATHS = "";
				LINK_WITH_STANDARD_LIBRARIES = YES;
				MACH_O_TYPE = mh_object;
				ONLY_ACTIVE_ARCH = NO;
				PRODUCT_BUNDLE_IDENTIFIER = com.zxh.XHSM2Kit;
				PRODUCT_NAME = "$(TARGET_NAME:c99extidentifier)";
				SKIP_INSTALL = YES;
				TARGETED_DEVICE_FAMILY = "1,2";
			};
			name = Release;
		};
		D9E60EE6261414FD00084D98 /* Debug */ = {
			isa = XCBuildConfiguration;
			buildSettings = {
				CODE_SIGN_STYLE = Automatic;
				INFOPLIST_FILE = XHSM2KitTests/Info.plist;
				LD_RUNPATH_SEARCH_PATHS = (
					"$(inherited)",
					"@executable_path/Frameworks",
					"@loader_path/Frameworks",
				);
				PRODUCT_BUNDLE_IDENTIFIER = com.zxh.XHSM2KitTests;
				PRODUCT_NAME = "$(TARGET_NAME)";
				TARGETED_DEVICE_FAMILY = "1,2";
			};
			name = Debug;
		};
		D9E60EE7261414FD00084D98 /* Release */ = {
			isa = XCBuildConfiguration;
			buildSettings = {
				CODE_SIGN_STYLE = Automatic;
				INFOPLIST_FILE = XHSM2KitTests/Info.plist;
				LD_RUNPATH_SEARCH_PATHS = (
					"$(inherited)",
					"@executable_path/Frameworks",
					"@loader_path/Frameworks",
				);
				PRODUCT_BUNDLE_IDENTIFIER = com.zxh.XHSM2KitTests;
				PRODUCT_NAME = "$(TARGET_NAME)";
				TARGETED_DEVICE_FAMILY = "1,2";
			};
			name = Release;
		};
/* End XCBuildConfiguration section */

/* Begin XCConfigurationList section */
		D9E60EC8261414FD00084D98 /* Build configuration list for PBXProject "XHSM2Kit" */ = {
			isa = XCConfigurationList;
			buildConfigurations = (
				D9E60EE0261414FD00084D98 /* Debug */,
				D9E60EE1261414FD00084D98 /* Release */,
			);
			defaultConfigurationIsVisible = 0;
			defaultConfigurationName = Release;
		};
		D9E60EE2261414FD00084D98 /* Build configuration list for PBXNativeTarget "XHSM2Kit" */ = {
			isa = XCConfigurationList;
			buildConfigurations = (
				D9E60EE3261414FD00084D98 /* Debug */,
				D9E60EE4261414FD00084D98 /* Release */,
			);
			defaultConfigurationIsVisible = 0;
			defaultConfigurationName = Release;
		};
		D9E60EE5261414FD00084D98 /* Build configuration list for PBXNativeTarget "XHSM2KitTests" */ = {
			isa = XCConfigurationList;
			buildConfigurations = (
				D9E60EE6261414FD00084D98 /* Debug */,
				D9E60EE7261414FD00084D98 /* Release */,
			);
			defaultConfigurationIsVisible = 0;
			defaultConfigurationName = Release;
		};
/* End XCConfigurationList section */
	};
	rootObject = D9E60EC5261414FD00084D98 /* Project object */;
}
